
Microsoft Visual Studio Solution File, Format Version 12.00
# Visual Studio Version 17
VisualStudioVersion = 17.11.35431.28
MinimumVisualStudioVersion = 10.0.40219.1
Project("{FAE04EC0-301F-11D3-BF4B-00C04F79EFBC}") = "Ecommerece Application", "Ecommerece Application\Ecommerece Application.csproj", "{4E646D02-5D02-416A-9954-0D3D6804A749}"
EndProject
Global
	GlobalSection(SolutionConfigurationPlatforms) = preSolution
		Debug|Any CPU = Debug|Any CPU
		Release|Any CPU = Release|Any CPU
	EndGlobalSection
	GlobalSection(ProjectConfigurationPlatforms) = postSolution
		{4E646D02-5D02-416A-9954-0D3D6804A749}.Debug|Any CPU.ActiveCfg = Debug|Any CPU
		{4E646D02-5D02-416A-9954-0D3D6804A749}.Debug|Any CPU.Build.0 = Debug|Any CPU
		{4E646D02-5D02-416A-9954-0D3D6804A749}.Release|Any CPU.ActiveCfg = Release|Any CPU
		{4E646D02-5D02-416A-9954-0D3D6804A749}.Release|Any CPU.Build.0 = Release|Any CPU
	EndGlobalSection
	GlobalSection(SolutionProperties) = preSolution
		HideSolutionNode = FALSE
	EndGlobalSection
	GlobalSection(ExtensibilityGlobals) = postSolution
		SolutionGuid = {8B642C8A-04F4-4D05-A6D1-16BCC5A73DB6}
	EndGlobalSection
EndGlobal
